{
  "nodes": {
    "nixpkgs": {
      "locked": {
        "lastModified": 1635666502,
        "narHash": "sha256-ditwnQplr8DbRBjR0ICqiY0+LY6A3wVMbRSlDqgK808=",
        "owner": "NixOS",
        "repo": "nixpkgs",
        "rev": "c5809ba048a8321a9ca1246ca1cccf15c141e73b",
        "type": "github"
      },
      "original": {
        "id": "nixpkgs",
        "type": "indirect"
      }
    },
    "root": {
      "inputs": {
        "nixpkgs": "nixpkgs"
      }
    }
  },
  "root": "root",
  "version": 7
}
